
Microsoft Visual Studio Solution File, Format Version 12.00
# Visual Studio Version 17
VisualStudioVersion = 17.9.34728.123
MinimumVisualStudioVersion = 10.0.40219.1
Project("{FAE04EC0-301F-11D3-BF4B-00C04F79EFBC}") = "WinFormsApp", "WinFormsApp.csproj", "{4941D4FC-E553-4453-A66F-A12B41E3854E}"
EndProject
Global
	GlobalSection(SolutionConfigurationPlatforms) = preSolution
		Debug|Any CPU = Debug|Any CPU
		Release|Any CPU = Release|Any CPU
	EndGlobalSection
	GlobalSection(ProjectConfigurationPlatforms) = postSolution
		{4941D4FC-E553-4453-A66F-A12B41E3854E}.Debug|Any CPU.ActiveCfg = Debug|Any CPU
		{4941D4FC-E553-4453-A66F-A12B41E3854E}.Debug|Any CPU.Build.0 = Debug|Any CPU
		{4941D4FC-E553-4453-A66F-A12B41E3854E}.Release|Any CPU.ActiveCfg = Release|Any CPU
		{4941D4FC-E553-4453-A66F-A12B41E3854E}.Release|Any CPU.Build.0 = Release|Any CPU
	EndGlobalSection
	GlobalSection(SolutionProperties) = preSolution
		HideSolutionNode = FALSE
	EndGlobalSection
	GlobalSection(ExtensibilityGlobals) = postSolution
		SolutionGuid = {2A3D18B5-896A-4D46-BE90-D7AC2498D8C5}
	EndGlobalSection
EndGlobal
